
Microsoft Visual Studio Solution File, Format Version 12.00
# Visual Studio Version 16
VisualStudioVersion = 16.0.29613.14
MinimumVisualStudioVersion = 10.0.40219.1
Project("{9A19103F-16F7-4668-BE54-9A1E7A4F7556}") = "SkarpaHangfire.Core", "SkarpaHangfire.Core\SkarpaHangfire.Core.csproj", "{9C6E2B46-ECC9-4851-98D7-B4CF4242035A}"
EndProject
Project("{FAE04EC0-301F-11D3-BF4B-00C04F79EFBC}") = "SkarpaHangfire.Service", "SkarpaHangfire.Service\SkarpaHangfire.Service.csproj", "{B7364A7F-DAC5-497C-B2D1-823805E31AC8}"
EndProject
Global
	GlobalSection(SolutionConfigurationPlatforms) = preSolution
		Debug|Any CPU = Debug|Any CPU
		Release|Any CPU = Release|Any CPU
	EndGlobalSection
	GlobalSection(ProjectConfigurationPlatforms) = postSolution
		{9C6E2B46-ECC9-4851-98D7-B4CF4242035A}.Debug|Any CPU.ActiveCfg = Debug|Any CPU
		{9C6E2B46-ECC9-4851-98D7-B4CF4242035A}.Debug|Any CPU.Build.0 = Debug|Any CPU
		{9C6E2B46-ECC9-4851-98D7-B4CF4242035A}.Release|Any CPU.ActiveCfg = Release|Any CPU
		{9C6E2B46-ECC9-4851-98D7-B4CF4242035A}.Release|Any CPU.Build.0 = Release|Any CPU
		{B7364A7F-DAC5-497C-B2D1-823805E31AC8}.Debug|Any CPU.ActiveCfg = Debug|Any CPU
		{B7364A7F-DAC5-497C-B2D1-823805E31AC8}.Debug|Any CPU.Build.0 = Debug|Any CPU
		{B7364A7F-DAC5-497C-B2D1-823805E31AC8}.Release|Any CPU.ActiveCfg = Release|Any CPU
		{B7364A7F-DAC5-497C-B2D1-823805E31AC8}.Release|Any CPU.Build.0 = Release|Any CPU
	EndGlobalSection
	GlobalSection(SolutionProperties) = preSolution
		HideSolutionNode = FALSE
	EndGlobalSection
	GlobalSection(ExtensibilityGlobals) = postSolution
		SolutionGuid = {02ABC22D-121E-4A75-A256-06C5A0127E87}
	EndGlobalSection
EndGlobal
